
Microsoft Visual Studio Solution File, Format Version 12.00
# Visual Studio Version 16
VisualStudioVersion = 16.0.32802.440
MinimumVisualStudioVersion = 10.0.40219.1
Project("{8BC9CEB8-8B4A-11D0-8D11-00A0C91BC942}") = "maze", "maze\maze.vcxproj", "{A95B1849-1149-4F9D-A39E-3A8BCA389424}"
EndProject
Global
	GlobalSection(SolutionConfigurationPlatforms) = preSolution
		Debug|x64 = Debug|x64
		Debug|x86 = Debug|x86
		Release|x64 = Release|x64
		Release|x86 = Release|x86
	EndGlobalSection
	GlobalSection(ProjectConfigurationPlatforms) = postSolution
		{A95B1849-1149-4F9D-A39E-3A8BCA389424}.Debug|x64.ActiveCfg = Debug|x64
		{A95B1849-1149-4F9D-A39E-3A8BCA389424}.Debug|x64.Build.0 = Debug|x64
		{A95B1849-1149-4F9D-A39E-3A8BCA389424}.Debug|x86.ActiveCfg = Debug|Win32
		{A95B1849-1149-4F9D-A39E-3A8BCA389424}.Debug|x86.Build.0 = Debug|Win32
		{A95B1849-1149-4F9D-A39E-3A8BCA389424}.Release|x64.ActiveCfg = Release|x64
		{A95B1849-1149-4F9D-A39E-3A8BCA389424}.Release|x64.Build.0 = Release|x64
		{A95B1849-1149-4F9D-A39E-3A8BCA389424}.Release|x86.ActiveCfg = Release|Win32
		{A95B1849-1149-4F9D-A39E-3A8BCA389424}.Release|x86.Build.0 = Release|Win32
	EndGlobalSection
	GlobalSection(SolutionProperties) = preSolution
		HideSolutionNode = FALSE
	EndGlobalSection
	GlobalSection(ExtensibilityGlobals) = postSolution
		SolutionGuid = {1C11EE06-B4D1-4DC4-AA28-5907D5DEA845}
	EndGlobalSection
EndGlobal
