
Microsoft Visual Studio Solution File, Format Version 12.00
# Visual Studio Version 17
VisualStudioVersion = 17.2.32630.192
MinimumVisualStudioVersion = 10.0.40219.1
Project("{8BC9CEB8-8B4A-11D0-8D11-00A0C91BC942}") = "哥德巴赫猜想", "哥德巴赫猜想\哥德巴赫猜想.vcxproj", "{7465CE14-0052-44E2-9188-5D1EC32CABC5}"
EndProject
Global
	GlobalSection(SolutionConfigurationPlatforms) = preSolution
		Debug|x64 = Debug|x64
		Debug|x86 = Debug|x86
		Release|x64 = Release|x64
		Release|x86 = Release|x86
	EndGlobalSection
	GlobalSection(ProjectConfigurationPlatforms) = postSolution
		{7465CE14-0052-44E2-9188-5D1EC32CABC5}.Debug|x64.ActiveCfg = Debug|x64
		{7465CE14-0052-44E2-9188-5D1EC32CABC5}.Debug|x64.Build.0 = Debug|x64
		{7465CE14-0052-44E2-9188-5D1EC32CABC5}.Debug|x86.ActiveCfg = Debug|Win32
		{7465CE14-0052-44E2-9188-5D1EC32CABC5}.Debug|x86.Build.0 = Debug|Win32
		{7465CE14-0052-44E2-9188-5D1EC32CABC5}.Release|x64.ActiveCfg = Release|x64
		{7465CE14-0052-44E2-9188-5D1EC32CABC5}.Release|x64.Build.0 = Release|x64
		{7465CE14-0052-44E2-9188-5D1EC32CABC5}.Release|x86.ActiveCfg = Release|Win32
		{7465CE14-0052-44E2-9188-5D1EC32CABC5}.Release|x86.Build.0 = Release|Win32
	EndGlobalSection
	GlobalSection(SolutionProperties) = preSolution
		HideSolutionNode = FALSE
	EndGlobalSection
	GlobalSection(ExtensibilityGlobals) = postSolution
		SolutionGuid = {23E3478C-6B86-46CD-9743-EC9AC339E38F}
	EndGlobalSection
EndGlobal
