
Microsoft Visual Studio Solution File, Format Version 12.00
# Visual Studio Version 17
VisualStudioVersion = 17.2.32616.157
MinimumVisualStudioVersion = 10.0.40219.1
Project("{8BC9CEB8-8B4A-11D0-8D11-00A0C91BC942}") = "Hello World", "Hello World\Hello World.vcxproj", "{22CAB7F4-D21A-4355-9033-1193C79C5B82}"
EndProject
Global
	GlobalSection(SolutionConfigurationPlatforms) = preSolution
		Debug|x64 = Debug|x64
		Debug|x86 = Debug|x86
		Release|x64 = Release|x64
		Release|x86 = Release|x86
	EndGlobalSection
	GlobalSection(ProjectConfigurationPlatforms) = postSolution
		{22CAB7F4-D21A-4355-9033-1193C79C5B82}.Debug|x64.ActiveCfg = Debug|x64
		{22CAB7F4-D21A-4355-9033-1193C79C5B82}.Debug|x64.Build.0 = Debug|x64
		{22CAB7F4-D21A-4355-9033-1193C79C5B82}.Debug|x86.ActiveCfg = Debug|Win32
		{22CAB7F4-D21A-4355-9033-1193C79C5B82}.Debug|x86.Build.0 = Debug|Win32
		{22CAB7F4-D21A-4355-9033-1193C79C5B82}.Release|x64.ActiveCfg = Release|x64
		{22CAB7F4-D21A-4355-9033-1193C79C5B82}.Release|x64.Build.0 = Release|x64
		{22CAB7F4-D21A-4355-9033-1193C79C5B82}.Release|x86.ActiveCfg = Release|Win32
		{22CAB7F4-D21A-4355-9033-1193C79C5B82}.Release|x86.Build.0 = Release|Win32
	EndGlobalSection
	GlobalSection(SolutionProperties) = preSolution
		HideSolutionNode = FALSE
	EndGlobalSection
	GlobalSection(ExtensibilityGlobals) = postSolution
		SolutionGuid = {52AEE457-6292-4873-B8DC-1C448789F968}
	EndGlobalSection
EndGlobal
