
Microsoft Visual Studio Solution File, Format Version 12.00
# Visual Studio Version 17
VisualStudioVersion = 17.2.32630.192
MinimumVisualStudioVersion = 10.0.40219.1
Project("{8BC9CEB8-8B4A-11D0-8D11-00A0C91BC942}") = "runningletter", "runningletter\runningletter.vcxproj", "{B0EC3F2D-A717-4B7F-BBA1-A2A3C27B5149}"
EndProject
Global
	GlobalSection(SolutionConfigurationPlatforms) = preSolution
		Debug|x64 = Debug|x64
		Debug|x86 = Debug|x86
		Release|x64 = Release|x64
		Release|x86 = Release|x86
	EndGlobalSection
	GlobalSection(ProjectConfigurationPlatforms) = postSolution
		{B0EC3F2D-A717-4B7F-BBA1-A2A3C27B5149}.Debug|x64.ActiveCfg = Debug|x64
		{B0EC3F2D-A717-4B7F-BBA1-A2A3C27B5149}.Debug|x64.Build.0 = Debug|x64
		{B0EC3F2D-A717-4B7F-BBA1-A2A3C27B5149}.Debug|x86.ActiveCfg = Debug|Win32
		{B0EC3F2D-A717-4B7F-BBA1-A2A3C27B5149}.Debug|x86.Build.0 = Debug|Win32
		{B0EC3F2D-A717-4B7F-BBA1-A2A3C27B5149}.Release|x64.ActiveCfg = Release|x64
		{B0EC3F2D-A717-4B7F-BBA1-A2A3C27B5149}.Release|x64.Build.0 = Release|x64
		{B0EC3F2D-A717-4B7F-BBA1-A2A3C27B5149}.Release|x86.ActiveCfg = Release|Win32
		{B0EC3F2D-A717-4B7F-BBA1-A2A3C27B5149}.Release|x86.Build.0 = Release|Win32
	EndGlobalSection
	GlobalSection(SolutionProperties) = preSolution
		HideSolutionNode = FALSE
	EndGlobalSection
	GlobalSection(ExtensibilityGlobals) = postSolution
		SolutionGuid = {4440DFD7-F3CC-4448-AB07-0F455DEE0E54}
	EndGlobalSection
EndGlobal
