
Microsoft Visual Studio Solution File, Format Version 12.00
# Visual Studio Version 16
VisualStudioVersion = 16.0.32802.440
MinimumVisualStudioVersion = 10.0.40219.1
Project("{8BC9CEB8-8B4A-11D0-8D11-00A0C91BC942}") = "p2", "p2\p2.vcxproj", "{B9A74C35-8982-4788-BF66-717A386A7B37}"
EndProject
Global
	GlobalSection(SolutionConfigurationPlatforms) = preSolution
		Debug|x64 = Debug|x64
		Debug|x86 = Debug|x86
		Release|x64 = Release|x64
		Release|x86 = Release|x86
	EndGlobalSection
	GlobalSection(ProjectConfigurationPlatforms) = postSolution
		{B9A74C35-8982-4788-BF66-717A386A7B37}.Debug|x64.ActiveCfg = Debug|x64
		{B9A74C35-8982-4788-BF66-717A386A7B37}.Debug|x64.Build.0 = Debug|x64
		{B9A74C35-8982-4788-BF66-717A386A7B37}.Debug|x86.ActiveCfg = Debug|Win32
		{B9A74C35-8982-4788-BF66-717A386A7B37}.Debug|x86.Build.0 = Debug|Win32
		{B9A74C35-8982-4788-BF66-717A386A7B37}.Release|x64.ActiveCfg = Release|x64
		{B9A74C35-8982-4788-BF66-717A386A7B37}.Release|x64.Build.0 = Release|x64
		{B9A74C35-8982-4788-BF66-717A386A7B37}.Release|x86.ActiveCfg = Release|Win32
		{B9A74C35-8982-4788-BF66-717A386A7B37}.Release|x86.Build.0 = Release|Win32
	EndGlobalSection
	GlobalSection(SolutionProperties) = preSolution
		HideSolutionNode = FALSE
	EndGlobalSection
	GlobalSection(ExtensibilityGlobals) = postSolution
		SolutionGuid = {E9BBF35B-898A-4BA5-B683-B644DE0A08BC}
	EndGlobalSection
EndGlobal
