
Microsoft Visual Studio Solution File, Format Version 12.00
# Visual Studio Version 17
VisualStudioVersion = 17.3.32929.385
MinimumVisualStudioVersion = 10.0.40219.1
Project("{8BC9CEB8-8B4A-11D0-8D11-00A0C91BC942}") = "五子棋2.0", "五子棋2.0\五子棋2.0.vcxproj", "{C9A81B28-A86B-4116-9D7B-BC50CDD4E557}"
EndProject
Global
	GlobalSection(SolutionConfigurationPlatforms) = preSolution
		Debug|x64 = Debug|x64
		Debug|x86 = Debug|x86
		Release|x64 = Release|x64
		Release|x86 = Release|x86
	EndGlobalSection
	GlobalSection(ProjectConfigurationPlatforms) = postSolution
		{C9A81B28-A86B-4116-9D7B-BC50CDD4E557}.Debug|x64.ActiveCfg = Debug|x64
		{C9A81B28-A86B-4116-9D7B-BC50CDD4E557}.Debug|x64.Build.0 = Debug|x64
		{C9A81B28-A86B-4116-9D7B-BC50CDD4E557}.Debug|x86.ActiveCfg = Debug|Win32
		{C9A81B28-A86B-4116-9D7B-BC50CDD4E557}.Debug|x86.Build.0 = Debug|Win32
		{C9A81B28-A86B-4116-9D7B-BC50CDD4E557}.Release|x64.ActiveCfg = Release|x64
		{C9A81B28-A86B-4116-9D7B-BC50CDD4E557}.Release|x64.Build.0 = Release|x64
		{C9A81B28-A86B-4116-9D7B-BC50CDD4E557}.Release|x86.ActiveCfg = Release|Win32
		{C9A81B28-A86B-4116-9D7B-BC50CDD4E557}.Release|x86.Build.0 = Release|Win32
	EndGlobalSection
	GlobalSection(SolutionProperties) = preSolution
		HideSolutionNode = FALSE
	EndGlobalSection
	GlobalSection(ExtensibilityGlobals) = postSolution
		SolutionGuid = {38FD0180-BED1-41F3-9B8B-4DF873EBED66}
	EndGlobalSection
EndGlobal
