
Microsoft Visual Studio Solution File, Format Version 12.00
# Visual Studio Version 17
VisualStudioVersion = 17.2.32630.192
MinimumVisualStudioVersion = 10.0.40219.1
Project("{8BC9CEB8-8B4A-11D0-8D11-00A0C91BC942}") = "五子棋ai", "五子棋ai\五子棋ai.vcxproj", "{ED427B99-23DB-489E-8A88-20AB4CB3E683}"
EndProject
Global
	GlobalSection(SolutionConfigurationPlatforms) = preSolution
		Debug|x64 = Debug|x64
		Debug|x86 = Debug|x86
		Release|x64 = Release|x64
		Release|x86 = Release|x86
	EndGlobalSection
	GlobalSection(ProjectConfigurationPlatforms) = postSolution
		{ED427B99-23DB-489E-8A88-20AB4CB3E683}.Debug|x64.ActiveCfg = Debug|x64
		{ED427B99-23DB-489E-8A88-20AB4CB3E683}.Debug|x64.Build.0 = Debug|x64
		{ED427B99-23DB-489E-8A88-20AB4CB3E683}.Debug|x86.ActiveCfg = Debug|Win32
		{ED427B99-23DB-489E-8A88-20AB4CB3E683}.Debug|x86.Build.0 = Debug|Win32
		{ED427B99-23DB-489E-8A88-20AB4CB3E683}.Release|x64.ActiveCfg = Release|x64
		{ED427B99-23DB-489E-8A88-20AB4CB3E683}.Release|x64.Build.0 = Release|x64
		{ED427B99-23DB-489E-8A88-20AB4CB3E683}.Release|x86.ActiveCfg = Release|Win32
		{ED427B99-23DB-489E-8A88-20AB4CB3E683}.Release|x86.Build.0 = Release|Win32
	EndGlobalSection
	GlobalSection(SolutionProperties) = preSolution
		HideSolutionNode = FALSE
	EndGlobalSection
	GlobalSection(ExtensibilityGlobals) = postSolution
		SolutionGuid = {40D6296D-E68B-4AC6-B589-9A60941C38ED}
	EndGlobalSection
EndGlobal
